// !$*UTF8*$!
{
	archiveVersion = 1;
	classes = {
	};
	objectVersion = 77;
	objects = {

/* Begin PBXContainerItemProxy section */
		ACD3EE422CF72D6D00D1BD5F /* PBXContainerItemProxy */ = {
			isa = PBXContainerItemProxy;
			containerPortal = ACD3EE232CF72D6B00D1BD5F /* Project object */;
			proxyType = 1;
			remoteGlobalIDString = ACD3EE2A2CF72D6B00D1BD5F;
			remoteInfo = Marvel_Characters;
		};
		ACD3EE4C2CF72D6D00D1BD5F /* PBXContainerItemProxy */ = {
			isa = PBXContainerItemProxy;
			containerPortal = ACD3EE232CF72D6B00D1BD5F /* Project object */;
			proxyType = 1;
			remoteGlobalIDString = ACD3EE2A2CF72D6B00D1BD5F;
			remoteInfo = Marvel_Characters;
		};
/* End PBXContainerItemProxy section */

/* Begin PBXFileReference section */
		ACD3EE2B2CF72D6B00D1BD5F /* Marvel_Characters.app */ = {isa = PBXFileReference; explicitFileType = wrapper.application; includeInIndex = 0; path = Marvel_Characters.app; sourceTree = BUILT_PRODUCTS_DIR; };
		ACD3EE412CF72D6D00D1BD5F /* Marvel_CharactersTests.xctest */ = {isa = PBXFileReference; explicitFileType = wrapper.cfbundle; includeInIndex = 0; path = Marvel_CharactersTests.xctest; sourceTree = BUILT_PRODUCTS_DIR; };
		ACD3EE4B2CF72D6D00D1BD5F /* Marvel_CharactersUITests.xctest */ = {isa = PBXFileReference; explicitFileType = wrapper.cfbundle; includeInIndex = 0; path = Marvel_CharactersUITests.xctest; sourceTree = BUILT_PRODUCTS_DIR; };
/* End PBXFileReference section */

/* Begin PBXFileSystemSynchronizedBuildFileExceptionSet section */
		ACD3EE532CF72D6D00D1BD5F /* Exceptions for "Marvel_Characters" folder in "Marvel_Characters" target */ = {
			isa = PBXFileSystemSynchronizedBuildFileExceptionSet;
			membershipExceptions = (
				Info.plist,
			);
			target = ACD3EE2A2CF72D6B00D1BD5F /* Marvel_Characters */;
		};
/* End PBXFileSystemSynchronizedBuildFileExceptionSet section */

/* Begin PBXFileSystemSynchronizedRootGroup section */
		ACD3EE2D2CF72D6B00D1BD5F /* Marvel_Characters */ = {
			isa = PBXFileSystemSynchronizedRootGroup;
			exceptions = (
				ACD3EE532CF72D6D00D1BD5F /* Exceptions for "Marvel_Characters" folder in "Marvel_Characters" target */,
			);
			path = Marvel_Characters;
			sourceTree = "<group>";
		};
		ACD3EE442CF72D6D00D1BD5F /* Marvel_CharactersTests */ = {
			isa = PBXFileSystemSynchronizedRootGroup;
			path = Marvel_CharactersTests;
			sourceTree = "<group>";
		};
		ACD3EE4E2CF72D6D00D1BD5F /* Marvel_CharactersUITests */ = {
			isa = PBXFileSystemSynchronizedRootGroup;
			path = Marvel_CharactersUITests;
			sourceTree = "<group>";
		};
/* End PBXFileSystemSynchronizedRootGroup section */

/* Begin PBXFrameworksBuildPhase section */
		ACD3EE282CF72D6B00D1BD5F /* Frameworks */ = {
			isa = PBXFrameworksBuildPhase;
			buildActionMask = 2147483647;
			files = (
			);
			runOnlyForDeploymentPostprocessing = 0;
		};
		ACD3EE3E2CF72D6D00D1BD5F /* Frameworks */ = {
			isa = PBXFrameworksBuildPhase;
			buildActionMask = 2147483647;
			files = (
			);
			runOnlyForDeploymentPostprocessing = 0;
		};
		ACD3EE482CF72D6D00D1BD5F /* Frameworks */ = {
			isa = PBXFrameworksBuildPhase;
			buildActionMask = 2147483647;
			files = (
			);
			runOnlyForDeploymentPostprocessing = 0;
		};
/* End PBXFrameworksBuildPhase section */

/* Begin PBXGroup section */
		ACD3EE222CF72D6B00D1BD5F = {
			isa = PBXGroup;
			children = (
				ACD3EE2D2CF72D6B00D1BD5F /* Marvel_Characters */,
				ACD3EE442CF72D6D00D1BD5F /* Marvel_CharactersTests */,
				ACD3EE4E2CF72D6D00D1BD5F /* Marvel_CharactersUITests */,
				ACD3EE2C2CF72D6B00D1BD5F /* Products */,
			);
			sourceTree = "<group>";
		};
		ACD3EE2C2CF72D6B00D1BD5F /* Products */ = {
			isa = PBXGroup;
			children = (
				ACD3EE2B2CF72D6B00D1BD5F /* Marvel_Characters.app */,
				ACD3EE412CF72D6D00D1BD5F /* Marvel_CharactersTests.xctest */,
				ACD3EE4B2CF72D6D00D1BD5F /* Marvel_CharactersUITests.xctest */,
			);
			name = Products;
			sourceTree = "<group>";
		};
/* End PBXGroup section */

/* Begin PBXNativeTarget section */
		ACD3EE2A2CF72D6B00D1BD5F /* Marvel_Characters */ = {
			isa = PBXNativeTarget;
			buildConfigurationList = ACD3EE542CF72D6D00D1BD5F /* Build configuration list for PBXNativeTarget "Marvel_Characters" */;
			buildPhases = (
				ACD3EE272CF72D6B00D1BD5F /* Sources */,
				ACD3EE282CF72D6B00D1BD5F /* Frameworks */,
				ACD3EE292CF72D6B00D1BD5F /* Resources */,
			);
			buildRules = (
			);
			dependencies = (
			);
			fileSystemSynchronizedGroups = (
				ACD3EE2D2CF72D6B00D1BD5F /* Marvel_Characters */,
			);
			name = Marvel_Characters;
			packageProductDependencies = (
			);
			productName = Marvel_Characters;
			productReference = ACD3EE2B2CF72D6B00D1BD5F /* Marvel_Characters.app */;
			productType = "com.apple.product-type.application";
		};
		ACD3EE402CF72D6D00D1BD5F /* Marvel_CharactersTests */ = {
			isa = PBXNativeTarget;
			buildConfigurationList = ACD3EE592CF72D6D00D1BD5F /* Build configuration list for PBXNativeTarget "Marvel_CharactersTests" */;
			buildPhases = (
				ACD3EE3D2CF72D6D00D1BD5F /* Sources */,
				ACD3EE3E2CF72D6D00D1BD5F /* Frameworks */,
				ACD3EE3F2CF72D6D00D1BD5F /* Resources */,
			);
			buildRules = (
			);
			dependencies = (
				ACD3EE432CF72D6D00D1BD5F /* PBXTargetDependency */,
			);
			fileSystemSynchronizedGroups = (
				ACD3EE442CF72D6D00D1BD5F /* Marvel_CharactersTests */,
			);
			name = Marvel_CharactersTests;
			packageProductDependencies = (
			);
			productName = Marvel_CharactersTests;
			productReference = ACD3EE412CF72D6D00D1BD5F /* Marvel_CharactersTests.xctest */;
			productType = "com.apple.product-type.bundle.unit-test";
		};
		ACD3EE4A2CF72D6D00D1BD5F /* Marvel_CharactersUITests */ = {
			isa = PBXNativeTarget;
			buildConfigurationList = ACD3EE5C2CF72D6D00D1BD5F /* Build configuration list for PBXNativeTarget "Marvel_CharactersUITests" */;
			buildPhases = (
				ACD3EE472CF72D6D00D1BD5F /* Sources */,
				ACD3EE482CF72D6D00D1BD5F /* Frameworks */,
				ACD3EE492CF72D6D00D1BD5F /* Resources */,
			);
			buildRules = (
			);
			dependencies = (
				ACD3EE4D2CF72D6D00D1BD5F /* PBXTargetDependency */,
			);
			fileSystemSynchronizedGroups = (
				ACD3EE4E2CF72D6D00D1BD5F /* Marvel_CharactersUITests */,
			);
			name = Marvel_CharactersUITests;
			packageProductDependencies = (
			);
			productName = Marvel_CharactersUITests;
			productReference = ACD3EE4B2CF72D6D00D1BD5F /* Marvel_CharactersUITests.xctest */;
			productType = "com.apple.product-type.bundle.ui-testing";
		};
/* End PBXNativeTarget section */

/* Begin PBXProject section */
		ACD3EE232CF72D6B00D1BD5F /* Project object */ = {
			isa = PBXProject;
			attributes = {
				BuildIndependentTargetsInParallel = 1;
				LastSwiftUpdateCheck = 1600;
				LastUpgradeCheck = 1600;
				TargetAttributes = {
					ACD3EE2A2CF72D6B00D1BD5F = {
						CreatedOnToolsVersion = 16.0;
					};
					ACD3EE402CF72D6D00D1BD5F = {
						CreatedOnToolsVersion = 16.0;
						TestTargetID = ACD3EE2A2CF72D6B00D1BD5F;
					};
					ACD3EE4A2CF72D6D00D1BD5F = {
						CreatedOnToolsVersion = 16.0;
						TestTargetID = ACD3EE2A2CF72D6B00D1BD5F;
					};
				};
			};
			buildConfigurationList = ACD3EE262CF72D6B00D1BD5F /* Build configuration list for PBXProject "Marvel_Characters" */;
			developmentRegion = en;
			hasScannedForEncodings = 0;
			knownRegions = (
				en,
				Base,
			);
			mainGroup = ACD3EE222CF72D6B00D1BD5F;
			minimizedProjectReferenceProxies = 1;
			preferredProjectObjectVersion = 77;
			productRefGroup = ACD3EE2C2CF72D6B00D1BD5F /* Products */;
			projectDirPath = "";
			projectRoot = "";
			targets = (
				ACD3EE2A2CF72D6B00D1BD5F /* Marvel_Characters */,
				ACD3EE402CF72D6D00D1BD5F /* Marvel_CharactersTests */,
				ACD3EE4A2CF72D6D00D1BD5F /* Marvel_CharactersUITests */,
			);
		};
/* End PBXProject section */

/* Begin PBXResourcesBuildPhase section */
		ACD3EE292CF72D6B00D1BD5F /* Resources */ = {
			isa = PBXResourcesBuildPhase;
			buildActionMask = 2147483647;
			files = (
			);
			runOnlyForDeploymentPostprocessing = 0;
		};
		ACD3EE3F2CF72D6D00D1BD5F /* Resources */ = {
			isa = PBXResourcesBuildPhase;
			buildActionMask = 2147483647;
			files = (
			);
			runOnlyForDeploymentPostprocessing = 0;
		};
		ACD3EE492CF72D6D00D1BD5F /* Resources */ = {
			isa = PBXResourcesBuildPhase;
			buildActionMask = 2147483647;
			files = (
			);
			runOnlyForDeploymentPostprocessing = 0;
		};
/* End PBXResourcesBuildPhase section */

/* Begin PBXSourcesBuildPhase section */
		ACD3EE272CF72D6B00D1BD5F /* Sources */ = {
			isa = PBXSourcesBuildPhase;
			buildActionMask = 2147483647;
			files = (
			);
			runOnlyForDeploymentPostprocessing = 0;
		};
		ACD3EE3D2CF72D6D00D1BD5F /* Sources */ = {
			isa = PBXSourcesBuildPhase;
			buildActionMask = 2147483647;
			files = (
			);
			runOnlyForDeploymentPostprocessing = 0;
		};
		ACD3EE472CF72D6D00D1BD5F /* Sources */ = {
			isa = PBXSourcesBuildPhase;
			buildActionMask = 2147483647;
			files = (
			);
			runOnlyForDeploymentPostprocessing = 0;
		};
/* End PBXSourcesBuildPhase section */

/* Begin PBXTargetDependency section */
		ACD3EE432CF72D6D00D1BD5F /* PBXTargetDependency */ = {
			isa = PBXTargetDependency;
			target = ACD3EE2A2CF72D6B00D1BD5F /* Marvel_Characters */;
			targetProxy = ACD3EE422CF72D6D00D1BD5F /* PBXContainerItemProxy */;
		};
		ACD3EE4D2CF72D6D00D1BD5F /* PBXTargetDependency */ = {
			isa = PBXTargetDependency;
			target = ACD3EE2A2CF72D6B00D1BD5F /* Marvel_Characters */;
			targetProxy = ACD3EE4C2CF72D6D00D1BD5F /* PBXContainerItemProxy */;
		};
/* End PBXTargetDependency section */

/* Begin XCBuildConfiguration section */
		ACD3EE552CF72D6D00D1BD5F /* Debug */ = {
			isa = XCBuildConfiguration;
			buildSettings = {
				ASSETCATALOG_COMPILER_APPICON_NAME = AppIcon;
				ASSETCATALOG_COMPILER_GLOBAL_ACCENT_COLOR_NAME = AccentColor;
				CODE_SIGN_STYLE = Automatic;
				CURRENT_PROJECT_VERSION = 1;
				GENERATE_INFOPLIST_FILE = YES;
				INFOPLIST_FILE = Marvel_Characters/Info.plist;
				INFOPLIST_KEY_UIApplicationSupportsIndirectInputEvents = YES;
				INFOPLIST_KEY_UILaunchStoryboardName = LaunchScreen;
				INFOPLIST_KEY_UIMainStoryboardFile = Main;
				INFOPLIST_KEY_UISupportedInterfaceOrientations_iPad = "UIInterfaceOrientationPortrait UIInterfaceOrientationPortraitUpsideDown UIInterfaceOrientationLandscapeLeft UIInterfaceOrientationLandscapeRight";
				INFOPLIST_KEY_UISupportedInterfaceOrientations_iPhone = "UIInterfaceOrientationPortrait UIInterfaceOrientationLandscapeLeft UIInterfaceOrientationLandscapeRight";
				LD_RUNPATH_SEARCH_PATHS = (
					"$(inherited)",
					"@executable_path/Frameworks",
				);
				MARKETING_VERSION = 1.0;
				PRODUCT_BUNDLE_IDENTIFIER = "com.aligorgun.Marvel-Characters";
				PRODUCT_NAME = "$(TARGET_NAME)";
				SWIFT_EMIT_LOC_STRINGS = YES;
				SWIFT_VERSION = 5.0;
				TARGETED_DEVICE_FAMILY = "1,2";
			};
			name = Debug;
		};
		ACD3EE562CF72D6D00D1BD5F /* Release */ = {
			isa = XCBuildConfiguration;
			buildSettings = {
				ASSETCATALOG_COMPILER_APPICON_NAME = AppIcon;
				ASSETCATALOG_COMPILER_GLOBAL_ACCENT_COLOR_NAME = AccentColor;
				CODE_SIGN_STYLE = Automatic;
				CURRENT_PROJECT_VERSION = 1;
				GENERATE_INFOPLIST_FILE = YES;
				INFOPLIST_FILE = Marvel_Characters/Info.plist;
				INFOPLIST_KEY_UIApplicationSupportsIndirectInputEvents = YES;
				INFOPLIST_KEY_UILaunchStoryboardName = LaunchScreen;
				INFOPLIST_KEY_UIMainStoryboardFile = Main;
				INFOPLIST_KEY_UISupportedInterfaceOrientations_iPad = "UIInterfaceOrientationPortrait UIInterfaceOrientationPortraitUpsideDown UIInterfaceOrientationLandscapeLeft UIInterfaceOrientationLandscapeRight";
				INFOPLIST_KEY_UISupportedInterfaceOrientations_iPhone = "UIInterfaceOrientationPortrait UIInterfaceOrientationLandscapeLeft UIInterfaceOrientationLandscapeRight";
				LD_RUNPATH_SEARCH_PATHS = (
					"$(inherited)",
					"@executable_path/Frameworks",
				);
				MARKETING_VERSION = 1.0;
				PRODUCT_BUNDLE_IDENTIFIER = "com.aligorgun.Marvel-Characters";
				PRODUCT_NAME = "$(TARGET_NAME)";
				SWIFT_EMIT_LOC_STRINGS = YES;
				SWIFT_VERSION = 5.0;
				TARGETED_DEVICE_FAMILY = "1,2";
			};
			name = Release;
		};
		ACD3EE572CF72D6D00D1BD5F /* Debug */ = {
			isa = XCBuildConfiguration;
			buildSettings = {
				ALWAYS_SEARCH_USER_PATHS = NO;
				ASSETCATALOG_COMPILER_GENERATE_SWIFT_ASSET_SYMBOL_EXTENSIONS = YES;
				CLANG_ANALYZER_NONNULL = YES;
				CLANG_ANALYZER_NUMBER_OBJECT_CONVERSION = YES_AGGRESSIVE;
				CLANG_CXX_LANGUAGE_STANDARD = "gnu++20";
				CLANG_ENABLE_MODULES = YES;
				CLANG_ENABLE_OBJC_ARC = YES;
				CLANG_ENABLE_OBJC_WEAK = YES;
				CLANG_WARN_BLOCK_CAPTURE_AUTORELEASING = YES;
				CLANG_WARN_BOOL_CONVERSION = YES;
				CLANG_WARN_COMMA = YES;
				CLANG_WARN_CONSTANT_CONVERSION = YES;
				CLANG_WARN_DEPRECATED_OBJC_IMPLEMENTATIONS = YES;
				CLANG_WARN_DIRECT_OBJC_ISA_USAGE = YES_ERROR;
				CLANG_WARN_DOCUMENTATION_COMMENTS = YES;
				CLANG_WARN_EMPTY_BODY = YES;
				CLANG_WARN_ENUM_CONVERSION = YES;
				CLANG_WARN_INFINITE_RECURSION = YES;
				CLANG_WARN_INT_CONVERSION = YES;
				CLANG_WARN_NON_LITERAL_NULL_CONVERSION = YES;
				CLANG_WARN_OBJC_IMPLICIT_RETAIN_SELF = YES;
				CLANG_WARN_OBJC_LITERAL_CONVERSION = YES;
				CLANG_WARN_OBJC_ROOT_CLASS = YES_ERROR;
				CLANG_WARN_QUOTED_INCLUDE_IN_FRAMEWORK_HEADER = YES;
				CLANG_WARN_RANGE_LOOP_ANALYSIS = YES;
				CLANG_WARN_STRICT_PROTOTYPES = YES;
				CLANG_WARN_SUSPICIOUS_MOVE = YES;
				CLANG_WARN_UNGUARDED_AVAILABILITY = YES_AGGRESSIVE;
				CLANG_WARN_UNREACHABLE_CODE = YES;
				CLANG_WARN__DUPLICATE_METHOD_MATCH = YES;
				COPY_PHASE_STRIP = NO;
				DEBUG_INFORMATION_FORMAT = dwarf;
				ENABLE_STRICT_OBJC_MSGSEND = YES;
				ENABLE_TESTABILITY = YES;
				ENABLE_USER_SCRIPT_SANDBOXING = YES;
				GCC_C_LANGUAGE_STANDARD = gnu17;
				GCC_DYNAMIC_NO_PIC = NO;
				GCC_NO_COMMON_BLOCKS = YES;
				GCC_OPTIMIZATION_LEVEL = 0;
				GCC_PREPROCESSOR_DEFINITIONS = (
					"DEBUG=1",
					"$(inherited)",
				);
				GCC_WARN_64_TO_32_BIT_CONVERSION = YES;
				GCC_WARN_ABOUT_RETURN_TYPE = YES_ERROR;
				GCC_WARN_UNDECLARED_SELECTOR = YES;
				GCC_WARN_UNINITIALIZED_AUTOS = YES_AGGRESSIVE;
				GCC_WARN_UNUSED_FUNCTION = YES;
				GCC_WARN_UNUSED_VARIABLE = YES;
				IPHONEOS_DEPLOYMENT_TARGET = 18.0;
				LOCALIZATION_PREFERS_STRING_CATALOGS = YES;
				MTL_ENABLE_DEBUG_INFO = INCLUDE_SOURCE;
				MTL_FAST_MATH = YES;
				ONLY_ACTIVE_ARCH = YES;
				SDKROOT = iphoneos;
				SWIFT_ACTIVE_COMPILATION_CONDITIONS = "DEBUG $(inherited)";
				SWIFT_OPTIMIZATION_LEVEL = "-Onone";
			};
			name = Debug;
		};
		ACD3EE582CF72D6D00D1BD5F /* Release */ = {
			isa = XCBuildConfiguration;
			buildSettings = {
				ALWAYS_SEARCH_USER_PATHS = NO;
				ASSETCATALOG_COMPILER_GENERATE_SWIFT_ASSET_SYMBOL_EXTENSIONS = YES;
				CLANG_ANALYZER_NONNULL = YES;
				CLANG_ANALYZER_NUMBER_OBJECT_CONVERSION = YES_AGGRESSIVE;
				CLANG_CXX_LANGUAGE_STANDARD = "gnu++20";
				CLANG_ENABLE_MODULES = YES;
				CLANG_ENABLE_OBJC_ARC = YES;
				CLANG_ENABLE_OBJC_WEAK = YES;
				CLANG_WARN_BLOCK_CAPTURE_AUTORELEASING = YES;
				CLANG_WARN_BOOL_CONVERSION = YES;
				CLANG_WARN_COMMA = YES;
				CLANG_WARN_CONSTANT_CONVERSION = YES;
				CLANG_WARN_DEPRECATED_OBJC_IMPLEMENTATIONS = YES;
				CLANG_WARN_DIRECT_OBJC_ISA_USAGE = YES_ERROR;
				CLANG_WARN_DOCUMENTATION_COMMENTS = YES;
				CLANG_WARN_EMPTY_BODY = YES;
				CLANG_WARN_ENUM_CONVERSION = YES;
				CLANG_WARN_INFINITE_RECURSION = YES;
				CLANG_WARN_INT_CONVERSION = YES;
				CLANG_WARN_NON_LITERAL_NULL_CONVERSION = YES;
				CLANG_WARN_OBJC_IMPLICIT_RETAIN_SELF = YES;
				CLANG_WARN_OBJC_LITERAL_CONVERSION = YES;
				CLANG_WARN_OBJC_ROOT_CLASS = YES_ERROR;
				CLANG_WARN_QUOTED_INCLUDE_IN_FRAMEWORK_HEADER = YES;
				CLANG_WARN_RANGE_LOOP_ANALYSIS = YES;
				CLANG_WARN_STRICT_PROTOTYPES = YES;
				CLANG_WARN_SUSPICIOUS_MOVE = YES;
				CLANG_WARN_UNGUARDED_AVAILABILITY = YES_AGGRESSIVE;
				CLANG_WARN_UNREACHABLE_CODE = YES;
				CLANG_WARN__DUPLICATE_METHOD_MATCH = YES;
				COPY_PHASE_STRIP = NO;
				DEBUG_INFORMATION_FORMAT = "dwarf-with-dsym";
				ENABLE_NS_ASSERTIONS = NO;
				ENABLE_STRICT_OBJC_MSGSEND = YES;
				ENABLE_USER_SCRIPT_SANDBOXING = YES;
				GCC_C_LANGUAGE_STANDARD = gnu17;
				GCC_NO_COMMON_BLOCKS = YES;
				GCC_WARN_64_TO_32_BIT_CONVERSION = YES;
				GCC_WARN_ABOUT_RETURN_TYPE = YES_ERROR;
				GCC_WARN_UNDECLARED_SELECTOR = YES;
				GCC_WARN_UNINITIALIZED_AUTOS = YES_AGGRESSIVE;
				GCC_WARN_UNUSED_FUNCTION = YES;
				GCC_WARN_UNUSED_VARIABLE = YES;
				IPHONEOS_DEPLOYMENT_TARGET = 18.0;
				LOCALIZATION_PREFERS_STRING_CATALOGS = YES;
				MTL_ENABLE_DEBUG_INFO = NO;
				MTL_FAST_MATH = YES;
				SDKROOT = iphoneos;
				SWIFT_COMPILATION_MODE = wholemodule;
				VALIDATE_PRODUCT = YES;
			};
			name = Release;
		};
		ACD3EE5A2CF72D6D00D1BD5F /* Debug */ = {
			isa = XCBuildConfiguration;
			buildSettings = {
				BUNDLE_LOADER = "$(TEST_HOST)";
				CODE_SIGN_STYLE = Automatic;
				CURRENT_PROJECT_VERSION = 1;
				GENERATE_INFOPLIST_FILE = YES;
				IPHONEOS_DEPLOYMENT_TARGET = 18.0;
				MARKETING_VERSION = 1.0;
				PRODUCT_BUNDLE_IDENTIFIER = "com.aligorgun.Marvel-CharactersTests";
				PRODUCT_NAME = "$(TARGET_NAME)";
				SWIFT_EMIT_LOC_STRINGS = NO;
				SWIFT_VERSION = 5.0;
				TARGETED_DEVICE_FAMILY = "1,2";
				TEST_HOST = "$(BUILT_PRODUCTS_DIR)/Marvel_Characters.app/$(BUNDLE_EXECUTABLE_FOLDER_PATH)/Marvel_Characters";
			};
			name = Debug;
		};
		ACD3EE5B2CF72D6D00D1BD5F /* Release */ = {
			isa = XCBuildConfiguration;
			buildSettings = {
				BUNDLE_LOADER = "$(TEST_HOST)";
				CODE_SIGN_STYLE = Automatic;
				CURRENT_PROJECT_VERSION = 1;
				GENERATE_INFOPLIST_FILE = YES;
				IPHONEOS_DEPLOYMENT_TARGET = 18.0;
				MARKETING_VERSION = 1.0;
				PRODUCT_BUNDLE_IDENTIFIER = "com.aligorgun.Marvel-CharactersTests";
				PRODUCT_NAME = "$(TARGET_NAME)";
				SWIFT_EMIT_LOC_STRINGS = NO;
				SWIFT_VERSION = 5.0;
				TARGETED_DEVICE_FAMILY = "1,2";
				TEST_HOST = "$(BUILT_PRODUCTS_DIR)/Marvel_Characters.app/$(BUNDLE_EXECUTABLE_FOLDER_PATH)/Marvel_Characters";
			};
			name = Release;
		};
		ACD3EE5D2CF72D6D00D1BD5F /* Debug */ = {
			isa = XCBuildConfiguration;
			buildSettings = {
				CODE_SIGN_STYLE = Automatic;
				CURRENT_PROJECT_VERSION = 1;
				GENERATE_INFOPLIST_FILE = YES;
				MARKETING_VERSION = 1.0;
				PRODUCT_BUNDLE_IDENTIFIER = "com.aligorgun.Marvel-CharactersUITests";
				PRODUCT_NAME = "$(TARGET_NAME)";
				SWIFT_EMIT_LOC_STRINGS = NO;
				SWIFT_VERSION = 5.0;
				TARGETED_DEVICE_FAMILY = "1,2";
				TEST_TARGET_NAME = Marvel_Characters;
			};
			name = Debug;
		};
		ACD3EE5E2CF72D6D00D1BD5F /* Release */ = {
			isa = XCBuildConfiguration;
			buildSettings = {
				CODE_SIGN_STYLE = Automatic;
				CURRENT_PROJECT_VERSION = 1;
				GENERATE_INFOPLIST_FILE = YES;
				MARKETING_VERSION = 1.0;
				PRODUCT_BUNDLE_IDENTIFIER = "com.aligorgun.Marvel-CharactersUITests";
				PRODUCT_NAME = "$(TARGET_NAME)";
				SWIFT_EMIT_LOC_STRINGS = NO;
				SWIFT_VERSION = 5.0;
				TARGETED_DEVICE_FAMILY = "1,2";
				TEST_TARGET_NAME = Marvel_Characters;
			};
			name = Release;
		};
/* End XCBuildConfiguration section */

/* Begin XCConfigurationList section */
		ACD3EE262CF72D6B00D1BD5F /* Build configuration list for PBXProject "Marvel_Characters" */ = {
			isa = XCConfigurationList;
			buildConfigurations = (
				ACD3EE572CF72D6D00D1BD5F /* Debug */,
				ACD3EE582CF72D6D00D1BD5F /* Release */,
			);
			defaultConfigurationIsVisible = 0;
			defaultConfigurationName = Release;
		};
		ACD3EE542CF72D6D00D1BD5F /* Build configuration list for PBXNativeTarget "Marvel_Characters" */ = {
			isa = XCConfigurationList;
			buildConfigurations = (
				ACD3EE552CF72D6D00D1BD5F /* Debug */,
				ACD3EE562CF72D6D00D1BD5F /* Release */,
			);
			defaultConfigurationIsVisible = 0;
			defaultConfigurationName = Release;
		};
		ACD3EE592CF72D6D00D1BD5F /* Build configuration list for PBXNativeTarget "Marvel_CharactersTests" */ = {
			isa = XCConfigurationList;
			buildConfigurations = (
				ACD3EE5A2CF72D6D00D1BD5F /* Debug */,
				ACD3EE5B2CF72D6D00D1BD5F /* Release */,
			);
			defaultConfigurationIsVisible = 0;
			defaultConfigurationName = Release;
		};
		ACD3EE5C2CF72D6D00D1BD5F /* Build configuration list for PBXNativeTarget "Marvel_CharactersUITests" */ = {
			isa = XCConfigurationList;
			buildConfigurations = (
				ACD3EE5D2CF72D6D00D1BD5F /* Debug */,
				ACD3EE5E2CF72D6D00D1BD5F /* Release */,
			);
			defaultConfigurationIsVisible = 0;
			defaultConfigurationName = Release;
		};
/* End XCConfigurationList section */
	};
	rootObject = ACD3EE232CF72D6B00D1BD5F /* Project object */;
}
